
Microsoft Visual Studio Solution File, Format Version 12.00
# Visual Studio 15
VisualStudioVersion = 15.0.28124.53
MinimumVisualStudioVersion = 10.0.40219.1
Project("{FAE04EC0-301F-11D3-BF4B-00C04F79EFBC}") = "cydc", "cydc\cydc.csproj", "{B2645B7C-6DBE-420D-99A0-B543858DA738}"
EndProject
Global
	GlobalSection(SolutionConfigurationPlatforms) = preSolution
		Debug|Any CPU = Debug|Any CPU
		Release|Any CPU = Release|Any CPU
	EndGlobalSection
	GlobalSection(ProjectConfigurationPlatforms) = postSolution
		{B2645B7C-6DBE-420D-99A0-B543858DA738}.Debug|Any CPU.ActiveCfg = Debug|Any CPU
		{B2645B7C-6DBE-420D-99A0-B543858DA738}.Debug|Any CPU.Build.0 = Debug|Any CPU
		{B2645B7C-6DBE-420D-99A0-B543858DA738}.Release|Any CPU.ActiveCfg = Release|Any CPU
		{B2645B7C-6DBE-420D-99A0-B543858DA738}.Release|Any CPU.Build.0 = Release|Any CPU
	EndGlobalSection
	GlobalSection(SolutionProperties) = preSolution
		HideSolutionNode = FALSE
	EndGlobalSection
	GlobalSection(ExtensibilityGlobals) = postSolution
		SolutionGuid = {3A8E71E8-C8A5-4AE7-9DFA-BC36D089429B}
	EndGlobalSection
EndGlobal
